// !$*UTF8*$!
{
	archiveVersion = 1;
	classes = {
	};
	objectVersion = 55;
	objects = {

/* Begin PBXBuildFile section */
		45DE79532797B8FA00425173 /* AppDelegate.swift in Sources */ = {isa = PBXBuildFile; fileRef = 45DE79522797B8FA00425173 /* AppDelegate.swift */; };
		45DE79572797B8FA00425173 /* LibraryViewController.swift in Sources */ = {isa = PBXBuildFile; fileRef = 45DE79562797B8FA00425173 /* LibraryViewController.swift */; };
		45DE795C2797B8FF00425173 /* Assets.xcassets in Resources */ = {isa = PBXBuildFile; fileRef = 45DE795B2797B8FF00425173 /* Assets.xcassets */; };
		45DE795F2797B8FF00425173 /* LaunchScreen.storyboard in Resources */ = {isa = PBXBuildFile; fileRef = 45DE795D2797B8FF00425173 /* LaunchScreen.storyboard */; };
		45DE79712799138D00425173 /* ContentCell.swift in Sources */ = {isa = PBXBuildFile; fileRef = 45DE79702799138D00425173 /* ContentCell.swift */; };
		45DE79732799154E00425173 /* ArticlesAndVideos.swift in Sources */ = {isa = PBXBuildFile; fileRef = 45DE79722799154E00425173 /* ArticlesAndVideos.swift */; };
		45F743AB279DFE9C004A4F84 /* ContentDetailView.swift in Sources */ = {isa = PBXBuildFile; fileRef = 45F743AA279DFE9C004A4F84 /* ContentDetailView.swift */; };
		45F743AD279F982B004A4F84 /* NetworkManager.swift in Sources */ = {isa = PBXBuildFile; fileRef = 45F743AC279F982B004A4F84 /* NetworkManager.swift */; };
		45F743AF27A22824004A4F84 /* LibraryDetailViewController.swift in Sources */ = {isa = PBXBuildFile; fileRef = 45F743AE27A22824004A4F84 /* LibraryDetailViewController.swift */; };
		45F743B227A8C155004A4F84 /* Constants.swift in Sources */ = {isa = PBXBuildFile; fileRef = 45F743B127A8C154004A4F84 /* Constants.swift */; };
		45F743B527AA20EA004A4F84 /* ContentImageView.swift in Sources */ = {isa = PBXBuildFile; fileRef = 45F743B427AA20E9004A4F84 /* ContentImageView.swift */; };
/* End PBXBuildFile section */

/* Begin PBXFileReference section */
		45DE794F2797B8FA00425173 /* Wenderlich Interview Demo.app */ = {isa = PBXFileReference; explicitFileType = wrapper.application; includeInIndex = 0; path = "Wenderlich Interview Demo.app"; sourceTree = BUILT_PRODUCTS_DIR; };
		45DE79522797B8FA00425173 /* AppDelegate.swift */ = {isa = PBXFileReference; lastKnownFileType = sourcecode.swift; path = AppDelegate.swift; sourceTree = "<group>"; };
		45DE79562797B8FA00425173 /* LibraryViewController.swift */ = {isa = PBXFileReference; lastKnownFileType = sourcecode.swift; path = LibraryViewController.swift; sourceTree = "<group>"; };
		45DE795B2797B8FF00425173 /* Assets.xcassets */ = {isa = PBXFileReference; lastKnownFileType = folder.assetcatalog; path = Assets.xcassets; sourceTree = "<group>"; };
		45DE795E2797B8FF00425173 /* Base */ = {isa = PBXFileReference; lastKnownFileType = file.storyboard; name = Base; path = Base.lproj/LaunchScreen.storyboard; sourceTree = "<group>"; };
		45DE79602797B8FF00425173 /* Info.plist */ = {isa = PBXFileReference; lastKnownFileType = text.plist.xml; path = Info.plist; sourceTree = "<group>"; };
		45DE79702799138D00425173 /* ContentCell.swift */ = {isa = PBXFileReference; lastKnownFileType = sourcecode.swift; path = ContentCell.swift; sourceTree = "<group>"; };
		45DE79722799154E00425173 /* ArticlesAndVideos.swift */ = {isa = PBXFileReference; lastKnownFileType = sourcecode.swift; path = ArticlesAndVideos.swift; sourceTree = "<group>"; };
		45F743AA279DFE9C004A4F84 /* ContentDetailView.swift */ = {isa = PBXFileReference; lastKnownFileType = sourcecode.swift; path = ContentDetailView.swift; sourceTree = "<group>"; };
		45F743AC279F982B004A4F84 /* NetworkManager.swift */ = {isa = PBXFileReference; lastKnownFileType = sourcecode.swift; path = NetworkManager.swift; sourceTree = "<group>"; };
		45F743AE27A22824004A4F84 /* LibraryDetailViewController.swift */ = {isa = PBXFileReference; lastKnownFileType = sourcecode.swift; path = LibraryDetailViewController.swift; sourceTree = "<group>"; };
		45F743B127A8C154004A4F84 /* Constants.swift */ = {isa = PBXFileReference; lastKnownFileType = sourcecode.swift; path = Constants.swift; sourceTree = "<group>"; };
		45F743B427AA20E9004A4F84 /* ContentImageView.swift */ = {isa = PBXFileReference; lastKnownFileType = sourcecode.swift; path = ContentImageView.swift; sourceTree = "<group>"; };
/* End PBXFileReference section */

/* Begin PBXFrameworksBuildPhase section */
		45DE794C2797B8FA00425173 /* Frameworks */ = {
			isa = PBXFrameworksBuildPhase;
			buildActionMask = 2147483647;
			files = (
			);
			runOnlyForDeploymentPostprocessing = 0;
		};
/* End PBXFrameworksBuildPhase section */

/* Begin PBXGroup section */
		45DE79462797B8FA00425173 = {
			isa = PBXGroup;
			children = (
				45DE79512797B8FA00425173 /* Wenderlich Interview Demo */,
				45DE79502797B8FA00425173 /* Products */,
			);
			sourceTree = "<group>";
		};
		45DE79502797B8FA00425173 /* Products */ = {
			isa = PBXGroup;
			children = (
				45DE794F2797B8FA00425173 /* Wenderlich Interview Demo.app */,
			);
			name = Products;
			sourceTree = "<group>";
		};
		45DE79512797B8FA00425173 /* Wenderlich Interview Demo */ = {
			isa = PBXGroup;
			children = (
				45F743B027A8C13F004A4F84 /* Utilities */,
				45DE796C2799123C00425173 /* Library */,
				45DE79682797BFA000425173 /* Model */,
				45DE79522797B8FA00425173 /* AppDelegate.swift */,
				45DE795B2797B8FF00425173 /* Assets.xcassets */,
				45DE795D2797B8FF00425173 /* LaunchScreen.storyboard */,
				45DE79602797B8FF00425173 /* Info.plist */,
			);
			path = "Wenderlich Interview Demo";
			sourceTree = "<group>";
		};
		45DE79682797BFA000425173 /* Model */ = {
			isa = PBXGroup;
			children = (
				45DE79722799154E00425173 /* ArticlesAndVideos.swift */,
			);
			path = Model;
			sourceTree = "<group>";
		};
		45DE796C2799123C00425173 /* Library */ = {
			isa = PBXGroup;
			children = (
				45DE79562797B8FA00425173 /* LibraryViewController.swift */,
				45F743AE27A22824004A4F84 /* LibraryDetailViewController.swift */,
				45F743B327AA20D9004A4F84 /* Views */,
				45DE796F2799130400425173 /* Cells */,
				45F743AC279F982B004A4F84 /* NetworkManager.swift */,
			);
			path = Library;
			sourceTree = "<group>";
		};
		45DE796F2799130400425173 /* Cells */ = {
			isa = PBXGroup;
			children = (
				45F743A9279DFE75004A4F84 /* ArticleCell */,
			);
			path = Cells;
			sourceTree = "<group>";
		};
		45F743A9279DFE75004A4F84 /* ArticleCell */ = {
			isa = PBXGroup;
			children = (
				45DE79702799138D00425173 /* ContentCell.swift */,
				45F743AA279DFE9C004A4F84 /* ContentDetailView.swift */,
			);
			path = ArticleCell;
			sourceTree = "<group>";
		};
		45F743B027A8C13F004A4F84 /* Utilities */ = {
			isa = PBXGroup;
			children = (
				45F743B127A8C154004A4F84 /* Constants.swift */,
			);
			path = Utilities;
			sourceTree = "<group>";
		};
		45F743B327AA20D9004A4F84 /* Views */ = {
			isa = PBXGroup;
			children = (
				45F743B427AA20E9004A4F84 /* ContentImageView.swift */,
			);
			path = Views;
			sourceTree = "<group>";
		};
/* End PBXGroup section */

/* Begin PBXNativeTarget section */
		45DE794E2797B8FA00425173 /* Wenderlich Interview Demo */ = {
			isa = PBXNativeTarget;
			buildConfigurationList = 45DE79632797B8FF00425173 /* Build configuration list for PBXNativeTarget "Wenderlich Interview Demo" */;
			buildPhases = (
				45DE794B2797B8FA00425173 /* Sources */,
				45DE794C2797B8FA00425173 /* Frameworks */,
				45DE794D2797B8FA00425173 /* Resources */,
			);
			buildRules = (
			);
			dependencies = (
			);
			name = "Wenderlich Interview Demo";
			productName = "Wenderlich Interview Demo";
			productReference = 45DE794F2797B8FA00425173 /* Wenderlich Interview Demo.app */;
			productType = "com.apple.product-type.application";
		};
/* End PBXNativeTarget section */

/* Begin PBXProject section */
		45DE79472797B8FA00425173 /* Project object */ = {
			isa = PBXProject;
			attributes = {
				BuildIndependentTargetsInParallel = 1;
				LastSwiftUpdateCheck = 1310;
				LastUpgradeCheck = 1310;
				TargetAttributes = {
					45DE794E2797B8FA00425173 = {
						CreatedOnToolsVersion = 13.1;
					};
				};
			};
			buildConfigurationList = 45DE794A2797B8FA00425173 /* Build configuration list for PBXProject "Wenderlich Interview Demo" */;
			compatibilityVersion = "Xcode 13.0";
			developmentRegion = en;
			hasScannedForEncodings = 0;
			knownRegions = (
				en,
				Base,
			);
			mainGroup = 45DE79462797B8FA00425173;
			productRefGroup = 45DE79502797B8FA00425173 /* Products */;
			projectDirPath = "";
			projectRoot = "";
			targets = (
				45DE794E2797B8FA00425173 /* Wenderlich Interview Demo */,
			);
		};
/* End PBXProject section */

/* Begin PBXResourcesBuildPhase section */
		45DE794D2797B8FA00425173 /* Resources */ = {
			isa = PBXResourcesBuildPhase;
			buildActionMask = 2147483647;
			files = (
				45DE795F2797B8FF00425173 /* LaunchScreen.storyboard in Resources */,
				45DE795C2797B8FF00425173 /* Assets.xcassets in Resources */,
			);
			runOnlyForDeploymentPostprocessing = 0;
		};
/* End PBXResourcesBuildPhase section */

/* Begin PBXSourcesBuildPhase section */
		45DE794B2797B8FA00425173 /* Sources */ = {
			isa = PBXSourcesBuildPhase;
			buildActionMask = 2147483647;
			files = (
				45DE79732799154E00425173 /* ArticlesAndVideos.swift in Sources */,
				45DE79572797B8FA00425173 /* LibraryViewController.swift in Sources */,
				45DE79532797B8FA00425173 /* AppDelegate.swift in Sources */,
				45F743AD279F982B004A4F84 /* NetworkManager.swift in Sources */,
				45F743AF27A22824004A4F84 /* LibraryDetailViewController.swift in Sources */,
				45F743AB279DFE9C004A4F84 /* ContentDetailView.swift in Sources */,
				45DE79712799138D00425173 /* ContentCell.swift in Sources */,
				45F743B227A8C155004A4F84 /* Constants.swift in Sources */,
				45F743B527AA20EA004A4F84 /* ContentImageView.swift in Sources */,
			);
			runOnlyForDeploymentPostprocessing = 0;
		};
/* End PBXSourcesBuildPhase section */

/* Begin PBXVariantGroup section */
		45DE795D2797B8FF00425173 /* LaunchScreen.storyboard */ = {
			isa = PBXVariantGroup;
			children = (
				45DE795E2797B8FF00425173 /* Base */,
			);
			name = LaunchScreen.storyboard;
			sourceTree = "<group>";
		};
/* End PBXVariantGroup section */

/* Begin XCBuildConfiguration section */
		45DE79612797B8FF00425173 /* Debug */ = {
			isa = XCBuildConfiguration;
			buildSettings = {
				ALWAYS_SEARCH_USER_PATHS = NO;
				CLANG_ANALYZER_NONNULL = YES;
				CLANG_ANALYZER_NUMBER_OBJECT_CONVERSION = YES_AGGRESSIVE;
				CLANG_CXX_LANGUAGE_STANDARD = "gnu++17";
				CLANG_CXX_LIBRARY = "libc++";
				CLANG_ENABLE_MODULES = YES;
				CLANG_ENABLE_OBJC_ARC = YES;
				CLANG_ENABLE_OBJC_WEAK = YES;
				CLANG_WARN_BLOCK_CAPTURE_AUTORELEASING = YES;
				CLANG_WARN_BOOL_CONVERSION = YES;
				CLANG_WARN_COMMA = YES;
				CLANG_WARN_CONSTANT_CONVERSION = YES;
				CLANG_WARN_DEPRECATED_OBJC_IMPLEMENTATIONS = YES;
				CLANG_WARN_DIRECT_OBJC_ISA_USAGE = YES_ERROR;
				CLANG_WARN_DOCUMENTATION_COMMENTS = YES;
				CLANG_WARN_EMPTY_BODY = YES;
				CLANG_WARN_ENUM_CONVERSION = YES;
				CLANG_WARN_INFINITE_RECURSION = YES;
				CLANG_WARN_INT_CONVERSION = YES;
				CLANG_WARN_NON_LITERAL_NULL_CONVERSION = YES;
				CLANG_WARN_OBJC_IMPLICIT_RETAIN_SELF = YES;
				CLANG_WARN_OBJC_LITERAL_CONVERSION = YES;
				CLANG_WARN_OBJC_ROOT_CLASS = YES_ERROR;
				CLANG_WARN_QUOTED_INCLUDE_IN_FRAMEWORK_HEADER = YES;
				CLANG_WARN_RANGE_LOOP_ANALYSIS = YES;
				CLANG_WARN_STRICT_PROTOTYPES = YES;
				CLANG_WARN_SUSPICIOUS_MOVE = YES;
				CLANG_WARN_UNGUARDED_AVAILABILITY = YES_AGGRESSIVE;
				CLANG_WARN_UNREACHABLE_CODE = YES;
				CLANG_WARN__DUPLICATE_METHOD_MATCH = YES;
				COPY_PHASE_STRIP = NO;
				DEBUG_INFORMATION_FORMAT = dwarf;
				ENABLE_STRICT_OBJC_MSGSEND = YES;
				ENABLE_TESTABILITY = YES;
				GCC_C_LANGUAGE_STANDARD = gnu11;
				GCC_DYNAMIC_NO_PIC = NO;
				GCC_NO_COMMON_BLOCKS = YES;
				GCC_OPTIMIZATION_LEVEL = 0;
				GCC_PREPROCESSOR_DEFINITIONS = (
					"DEBUG=1",
					"$(inherited)",
				);
				GCC_WARN_64_TO_32_BIT_CONVERSION = YES;
				GCC_WARN_ABOUT_RETURN_TYPE = YES_ERROR;
				GCC_WARN_UNDECLARED_SELECTOR = YES;
				GCC_WARN_UNINITIALIZED_AUTOS = YES_AGGRESSIVE;
				GCC_WARN_UNUSED_FUNCTION = YES;
				GCC_WARN_UNUSED_VARIABLE = YES;
				IPHONEOS_DEPLOYMENT_TARGET = 15.0;
				MTL_ENABLE_DEBUG_INFO = INCLUDE_SOURCE;
				MTL_FAST_MATH = YES;
				ONLY_ACTIVE_ARCH = YES;
				SDKROOT = iphoneos;
				SWIFT_ACTIVE_COMPILATION_CONDITIONS = DEBUG;
				SWIFT_OPTIMIZATION_LEVEL = "-Onone";
			};
			name = Debug;
		};
		45DE79622797B8FF00425173 /* Release */ = {
			isa = XCBuildConfiguration;
			buildSettings = {
				ALWAYS_SEARCH_USER_PATHS = NO;
				CLANG_ANALYZER_NONNULL = YES;
				CLANG_ANALYZER_NUMBER_OBJECT_CONVERSION = YES_AGGRESSIVE;
				CLANG_CXX_LANGUAGE_STANDARD = "gnu++17";
				CLANG_CXX_LIBRARY = "libc++";
				CLANG_ENABLE_MODULES = YES;
				CLANG_ENABLE_OBJC_ARC = YES;
				CLANG_ENABLE_OBJC_WEAK = YES;
				CLANG_WARN_BLOCK_CAPTURE_AUTORELEASING = YES;
				CLANG_WARN_BOOL_CONVERSION = YES;
				CLANG_WARN_COMMA = YES;
				CLANG_WARN_CONSTANT_CONVERSION = YES;
				CLANG_WARN_DEPRECATED_OBJC_IMPLEMENTATIONS = YES;
				CLANG_WARN_DIRECT_OBJC_ISA_USAGE = YES_ERROR;
				CLANG_WARN_DOCUMENTATION_COMMENTS = YES;
				CLANG_WARN_EMPTY_BODY = YES;
				CLANG_WARN_ENUM_CONVERSION = YES;
				CLANG_WARN_INFINITE_RECURSION = YES;
				CLANG_WARN_INT_CONVERSION = YES;
				CLANG_WARN_NON_LITERAL_NULL_CONVERSION = YES;
				CLANG_WARN_OBJC_IMPLICIT_RETAIN_SELF = YES;
				CLANG_WARN_OBJC_LITERAL_CONVERSION = YES;
				CLANG_WARN_OBJC_ROOT_CLASS = YES_ERROR;
				CLANG_WARN_QUOTED_INCLUDE_IN_FRAMEWORK_HEADER = YES;
				CLANG_WARN_RANGE_LOOP_ANALYSIS = YES;
				CLANG_WARN_STRICT_PROTOTYPES = YES;
				CLANG_WARN_SUSPICIOUS_MOVE = YES;
				CLANG_WARN_UNGUARDED_AVAILABILITY = YES_AGGRESSIVE;
				CLANG_WARN_UNREACHABLE_CODE = YES;
				CLANG_WARN__DUPLICATE_METHOD_MATCH = YES;
				COPY_PHASE_STRIP = NO;
				DEBUG_INFORMATION_FORMAT = "dwarf-with-dsym";
				ENABLE_NS_ASSERTIONS = NO;
				ENABLE_STRICT_OBJC_MSGSEND = YES;
				GCC_C_LANGUAGE_STANDARD = gnu11;
				GCC_NO_COMMON_BLOCKS = YES;
				GCC_WARN_64_TO_32_BIT_CONVERSION = YES;
				GCC_WARN_ABOUT_RETURN_TYPE = YES_ERROR;
				GCC_WARN_UNDECLARED_SELECTOR = YES;
				GCC_WARN_UNINITIALIZED_AUTOS = YES_AGGRESSIVE;
				GCC_WARN_UNUSED_FUNCTION = YES;
				GCC_WARN_UNUSED_VARIABLE = YES;
				IPHONEOS_DEPLOYMENT_TARGET = 15.0;
				MTL_ENABLE_DEBUG_INFO = NO;
				MTL_FAST_MATH = YES;
				SDKROOT = iphoneos;
				SWIFT_COMPILATION_MODE = wholemodule;
				SWIFT_OPTIMIZATION_LEVEL = "-O";
				VALIDATE_PRODUCT = YES;
			};
			name = Release;
		};
		45DE79642797B8FF00425173 /* Debug */ = {
			isa = XCBuildConfiguration;
			buildSettings = {
				ASSETCATALOG_COMPILER_APPICON_NAME = AppIcon;
				ASSETCATALOG_COMPILER_GLOBAL_ACCENT_COLOR_NAME = AccentColor;
				CODE_SIGN_STYLE = Automatic;
				CURRENT_PROJECT_VERSION = 1;
				DEVELOPMENT_TEAM = R5JCWQ932H;
				GENERATE_INFOPLIST_FILE = YES;
				INFOPLIST_FILE = "Wenderlich Interview Demo/Info.plist";
				INFOPLIST_KEY_UIApplicationSupportsIndirectInputEvents = YES;
				INFOPLIST_KEY_UILaunchStoryboardName = LaunchScreen;
				INFOPLIST_KEY_UISupportedInterfaceOrientations_iPad = "UIInterfaceOrientationPortrait UIInterfaceOrientationPortraitUpsideDown UIInterfaceOrientationLandscapeLeft UIInterfaceOrientationLandscapeRight";
				INFOPLIST_KEY_UISupportedInterfaceOrientations_iPhone = "UIInterfaceOrientationPortrait UIInterfaceOrientationLandscapeLeft UIInterfaceOrientationLandscapeRight";
				LD_RUNPATH_SEARCH_PATHS = (
					"$(inherited)",
					"@executable_path/Frameworks",
				);
				MARKETING_VERSION = 1.0;
				PRODUCT_BUNDLE_IDENTIFIER = "com.kotystannard.Wenderlich-Interview-Demo";
				PRODUCT_NAME = "$(TARGET_NAME)";
				SWIFT_EMIT_LOC_STRINGS = YES;
				SWIFT_VERSION = 5.0;
				TARGETED_DEVICE_FAMILY = "1,2";
			};
			name = Debug;
		};
		45DE79652797B8FF00425173 /* Release */ = {
			isa = XCBuildConfiguration;
			buildSettings = {
				ASSETCATALOG_COMPILER_APPICON_NAME = AppIcon;
				ASSETCATALOG_COMPILER_GLOBAL_ACCENT_COLOR_NAME = AccentColor;
				CODE_SIGN_STYLE = Automatic;
				CURRENT_PROJECT_VERSION = 1;
				DEVELOPMENT_TEAM = R5JCWQ932H;
				GENERATE_INFOPLIST_FILE = YES;
				INFOPLIST_FILE = "Wenderlich Interview Demo/Info.plist";
				INFOPLIST_KEY_UIApplicationSupportsIndirectInputEvents = YES;
				INFOPLIST_KEY_UILaunchStoryboardName = LaunchScreen;
				INFOPLIST_KEY_UISupportedInterfaceOrientations_iPad = "UIInterfaceOrientationPortrait UIInterfaceOrientationPortraitUpsideDown UIInterfaceOrientationLandscapeLeft UIInterfaceOrientationLandscapeRight";
				INFOPLIST_KEY_UISupportedInterfaceOrientations_iPhone = "UIInterfaceOrientationPortrait UIInterfaceOrientationLandscapeLeft UIInterfaceOrientationLandscapeRight";
				LD_RUNPATH_SEARCH_PATHS = (
					"$(inherited)",
					"@executable_path/Frameworks",
				);
				MARKETING_VERSION = 1.0;
				PRODUCT_BUNDLE_IDENTIFIER = "com.kotystannard.Wenderlich-Interview-Demo";
				PRODUCT_NAME = "$(TARGET_NAME)";
				SWIFT_EMIT_LOC_STRINGS = YES;
				SWIFT_VERSION = 5.0;
				TARGETED_DEVICE_FAMILY = "1,2";
			};
			name = Release;
		};
/* End XCBuildConfiguration section */

/* Begin XCConfigurationList section */
		45DE794A2797B8FA00425173 /* Build configuration list for PBXProject "Wenderlich Interview Demo" */ = {
			isa = XCConfigurationList;
			buildConfigurations = (
				45DE79612797B8FF00425173 /* Debug */,
				45DE79622797B8FF00425173 /* Release */,
			);
			defaultConfigurationIsVisible = 0;
			defaultConfigurationName = Release;
		};
		45DE79632797B8FF00425173 /* Build configuration list for PBXNativeTarget "Wenderlich Interview Demo" */ = {
			isa = XCConfigurationList;
			buildConfigurations = (
				45DE79642797B8FF00425173 /* Debug */,
				45DE79652797B8FF00425173 /* Release */,
			);
			defaultConfigurationIsVisible = 0;
			defaultConfigurationName = Release;
		};
/* End XCConfigurationList section */
	};
	rootObject = 45DE79472797B8FA00425173 /* Project object */;
}
